{
  "socketPath": "/tmp/mcp-riJYgH/mcp.sock",
  "scheme": "unix",
  "headers": {
    "Authorization": "Nonce 5a8ad88b-d4b1-4274-b774-b01beb2bef0c"
  },
  "pid": 29840,
  "ideName": "Visual Studio Code",
  "timestamp": 1786107929824,
  "workspaceFolders": [
    "/var/www/laravel_app"
  ],
  "isTrusted": true
}